
Microsoft Visual Studio Solution File, Format Version 12.00
# Visual Studio Version 16
VisualStudioVersion = 16.0.30804.86
MinimumVisualStudioVersion = 10.0.40219.1
Project("{9A19103F-16F7-4668-BE54-9A1E7A4F7556}") = "EnrollMeUcsd", "EnrollMeUcsd\EnrollMeUcsd.csproj", "{9A0F6AE9-E73B-4943-9D1C-FC615B221F2C}"
EndProject
Project("{2150E333-8FDC-42A3-9474-1A3956D46DE8}") = "Solution Items", "Solution Items", "{0C80C041-444E-449A-A1DD-91D128258C8F}"
	ProjectSection(SolutionItems) = preProject
		.gitignore = .gitignore
		LICENSE.txt = LICENSE.txt
		README.md = README.md
	EndProjectSection
EndProject
Global
	GlobalSection(SolutionConfigurationPlatforms) = preSolution
		Debug|Any CPU = Debug|Any CPU
		Release|Any CPU = Release|Any CPU
	EndGlobalSection
	GlobalSection(ProjectConfigurationPlatforms) = postSolution
		{9A0F6AE9-E73B-4943-9D1C-FC615B221F2C}.Debug|Any CPU.ActiveCfg = Debug|Any CPU
		{9A0F6AE9-E73B-4943-9D1C-FC615B221F2C}.Debug|Any CPU.Build.0 = Debug|Any CPU
		{9A0F6AE9-E73B-4943-9D1C-FC615B221F2C}.Release|Any CPU.ActiveCfg = Release|Any CPU
		{9A0F6AE9-E73B-4943-9D1C-FC615B221F2C}.Release|Any CPU.Build.0 = Release|Any CPU
	EndGlobalSection
	GlobalSection(SolutionProperties) = preSolution
		HideSolutionNode = FALSE
	EndGlobalSection
	GlobalSection(ExtensibilityGlobals) = postSolution
		SolutionGuid = {B25F21F6-FE46-4BB6-9455-8DB77CBD96DA}
	EndGlobalSection
EndGlobal
